{
  "nodes": {
    "agenix": {
      "inputs": {
        "darwin": "darwin",
        "home-manager": "home-manager",
        "nixpkgs": [
          "nixpkgs"
        ],
        "systems": "systems"
      },
      "locked": {
        "lastModified": 1770165109,
        "narHash": "sha256-9VnK6Oqai65puVJ4WYtCTvlJeXxMzAp/69HhQuTdl/I=",
        "owner": "ryantm",
        "repo": "agenix",
        "rev": "b027ee29d959fda4b60b57566d64c98a202e0feb",
        "type": "github"
      },
      "original": {
        "owner": "ryantm",
        "repo": "agenix",
        "type": "github"
      }
    },
    "azzipkgs": {
      "inputs": {
        "nixpkgs": [
          "nixpkgs"
        ]
      },
      "locked": {
        "lastModified": 1782479582,
        "narHash": "sha256-23gcEkGOXy4rgbu3SzrqX3dWZQCJfCZ7lTkAFJQUzSM=",
        "owner": "fazzi",
        "repo": "azzipkgs",
        "rev": "9a967ff809ebe542a8c322014d78b91ada89ffdd",
        "type": "gitlab"
      },
      "original": {
        "owner": "fazzi",
        "repo": "azzipkgs",
        "type": "gitlab"
      }
    },
    "darwin": {
      "inputs": {
        "nixpkgs": [
          "agenix",
          "nixpkgs"
        ]
      },
      "locked": {
        "lastModified": 1744478979,
        "narHash": "sha256-dyN+teG9G82G+m+PX/aSAagkC+vUv0SgUw3XkPhQodQ=",
        "owner": "lnl7",
        "repo": "nix-darwin",
        "rev": "43975d782b418ebf4969e9ccba82466728c2851b",
        "type": "github"
      },
      "original": {
        "owner": "lnl7",
        "ref": "master",
        "repo": "nix-darwin",
        "type": "github"
      }
    },
    "home-manager": {
      "inputs": {
        "nixpkgs": [
          "agenix",
          "nixpkgs"
        ]
      },
      "locked": {
        "lastModified": 1745494811,
        "narHash": "sha256-YZCh2o9Ua1n9uCvrvi5pRxtuVNml8X2a03qIFfRKpFs=",
        "owner": "nix-community",
        "repo": "home-manager",
        "rev": "abfad3d2958c9e6300a883bd443512c55dfeb1be",
        "type": "github"
      },
      "original": {
        "owner": "nix-community",
        "repo": "home-manager",
        "type": "github"
      }
    },
    "home-manager_2": {
      "inputs": {
        "nixpkgs": [
          "nixpkgs"
        ]
      },
      "locked": {
        "lastModified": 1781319724,
        "narHash": "sha256-ZGuxexEMo4Xv28KJ0dX/m/PHN4oZIOnxHZpNTyrvx4M=",
        "rev": "8355f0a16b2dbb06a97959a918af5b239bbe05ae",
        "revCount": 6814,
        "type": "tarball",
        "url": "https://api.flakehub.com/f/pinned/nix-community/home-manager/0.2605.6814%2Brev-8355f0a16b2dbb06a97959a918af5b239bbe05ae/019ebeee-fc41-7d71-a745-c1692b4ac710/source.tar.gz"
      },
      "original": {
        "type": "tarball",
        "url": "https://flakehub.com/f/nix-community/home-manager/0.2605.6814"
      }
    },
    "musnix": {
      "inputs": {
        "nixpkgs": [
          "nixpkgs"
        ]
      },
      "locked": {
        "lastModified": 1756852730,
        "narHash": "sha256-qPere4RBHoZxiEGl8zXU8gjroZg4gkYGEwaAbKmL4vE=",
        "owner": "musnix",
        "repo": "musnix",
        "rev": "7ccc92050e43dc92309396c6f2fe1f542214a242",
        "type": "github"
      },
      "original": {
        "owner": "musnix",
        "ref": "master",
        "repo": "musnix",
        "type": "github"
      }
    },
    "nixpkgs": {
      "locked": {
        "lastModified": 1780930886,
        "narHash": "sha256-rppURzHviaQN131F+nLiLdGfcb0uCd9gGP0E5+iw9MI=",
        "rev": "8c3cede7ddc26bd659d2d383b5610efbd2c7a16e",
        "revCount": 1012902,
        "type": "tarball",
        "url": "https://api.flakehub.com/f/pinned/DeterminateSystems/nixpkgs-weekly/0.1.1012902%2Brev-8c3cede7ddc26bd659d2d383b5610efbd2c7a16e/019eab22-bd1e-7e40-b919-277db893c789/source.tar.gz"
      },
      "original": {
        "type": "tarball",
        "url": "https://flakehub.com/f/DeterminateSystems/nixpkgs-weekly/0.1.1012902"
      }
    },
    "nixpkgs-9e1f33": {
      "locked": {
        "lastModified": 1744812709,
        "narHash": "sha256-T2zVYbbft1g2nSfZRbmxoQaX1KSTBlGwyHHKv4TtzOo=",
        "owner": "nixos",
        "repo": "nixpkgs",
        "rev": "9e1f33d1c971ba85d7f51338bbfd7ceefb07e7c8",
        "type": "github"
      },
      "original": {
        "owner": "nixos",
        "repo": "nixpkgs",
        "rev": "9e1f33d1c971ba85d7f51338bbfd7ceefb07e7c8",
        "type": "github"
      }
    },
    "nixpkgs-stable": {
      "locked": {
        "lastModified": 1780902259,
        "narHash": "sha256-q8yYEC5f1mFlQO9RGna4LTc9QrcvWunX6FYp83munkQ=",
        "rev": "bd0ff2d3eac24699c3664d5966b9ef36f388e2ca",
        "revCount": 1005841,
        "type": "tarball",
        "url": "https://api.flakehub.com/f/pinned/DeterminateSystems/nixpkgs-26.05-chilled/0.1.1005841%2Brev-bd0ff2d3eac24699c3664d5966b9ef36f388e2ca/019ecf4b-ae44-7ff3-b9a3-046823706ea1/source.tar.gz"
      },
      "original": {
        "type": "tarball",
        "url": "https://flakehub.com/f/DeterminateSystems/nixpkgs-26.05-chilled/0.1.1005841"
      }
    },
    "root": {
      "inputs": {
        "agenix": "agenix",
        "azzipkgs": "azzipkgs",
        "home-manager": "home-manager_2",
        "musnix": "musnix",
        "nixpkgs": "nixpkgs",
        "nixpkgs-9e1f33": "nixpkgs-9e1f33",
        "nixpkgs-stable": "nixpkgs-stable",
        "wlr-hdr": "wlr-hdr"
      }
    },
    "systems": {
      "locked": {
        "lastModified": 1681028828,
        "narHash": "sha256-Vy1rq5AaRuLzOxct8nz4T6wlgyUR7zLU309k9mBC768=",
        "owner": "nix-systems",
        "repo": "default",
        "rev": "da67096a3b9bf56a91d16901293e51ba5b49a27e",
        "type": "github"
      },
      "original": {
        "owner": "nix-systems",
        "repo": "default",
        "type": "github"
      }
    },
    "wlr-hdr": {
      "inputs": {
        "nixpkgs": [
          "nixpkgs"
        ]
      },
      "locked": {
        "lastModified": 1780764746,
        "narHash": "sha256-fNA5/VBzKx7qKHJIsvWsFJckV5m7h8iP7haNlHzjCY4=",
        "owner": "njdom24",
        "repo": "wlr-hdr-cal",
        "rev": "049aaa27daa675b315dced30d92f2f6566fd1e19",
        "type": "github"
      },
      "original": {
        "owner": "njdom24",
        "repo": "wlr-hdr-cal",
        "type": "github"
      }
    }
  },
  "root": "root",
  "version": 7
}
